// !$*UTF8*$!
{
	archiveVersion = 1;
	classes = {
	};
	objectVersion = 50;
	objects = {

/* Begin PBXBuildFile section */
		0C10AC5826A9CC2300C63610 /* AssignmentController.swift in Sources */ = {isa = PBXBuildFile; fileRef = 0C10AC5726A9CC2300C63610 /* AssignmentController.swift */; };
		0C10AC5A26A9CC3100C63610 /* ClassController.swift in Sources */ = {isa = PBXBuildFile; fileRef = 0C10AC5926A9CC3100C63610 /* ClassController.swift */; };
		0C10AC5C26A9CC3C00C63610 /* AssessmentController.swift in Sources */ = {isa = PBXBuildFile; fileRef = 0C10AC5B26A9CC3C00C63610 /* AssessmentController.swift */; };
		0C10AC5E26A9DE7200C63610 /* Date+Ext.swift in Sources */ = {isa = PBXBuildFile; fileRef = 0C10AC5D26A9DE7200C63610 /* Date+Ext.swift */; };
		0C10AC6026A9E0AF00C63610 /* EventController.swift in Sources */ = {isa = PBXBuildFile; fileRef = 0C10AC5F26A9E0AF00C63610 /* EventController.swift */; };
		0C10AC6226A9EC2E00C63610 /* SecondaryTitleLabel.swift in Sources */ = {isa = PBXBuildFile; fileRef = 0C10AC6126A9EC2E00C63610 /* SecondaryTitleLabel.swift */; };
		0C10AC6426A9ED6A00C63610 /* UIView+Ext.swift in Sources */ = {isa = PBXBuildFile; fileRef = 0C10AC6326A9ED6A00C63610 /* UIView+Ext.swift */; };
		0C10AC6626AB1CAE00C63610 /* AssignmentsViewController.swift in Sources */ = {isa = PBXBuildFile; fileRef = 0C10AC6526AB1CAE00C63610 /* AssignmentsViewController.swift */; };
		0C10AC6826AB244700C63610 /* TaskTableViewCell.swift in Sources */ = {isa = PBXBuildFile; fileRef = 0C10AC6726AB244700C63610 /* TaskTableViewCell.swift */; };
		0C10AC6C26AB2A0A00C63610 /* CheckboxButton.swift in Sources */ = {isa = PBXBuildFile; fileRef = 0C10AC6B26AB2A0A00C63610 /* CheckboxButton.swift */; };
		0C600EA726A8745000CFEEBA /* AppDelegate.swift in Sources */ = {isa = PBXBuildFile; fileRef = 0C600EA626A8745000CFEEBA /* AppDelegate.swift */; };
		0C600EA926A8745000CFEEBA /* SceneDelegate.swift in Sources */ = {isa = PBXBuildFile; fileRef = 0C600EA826A8745000CFEEBA /* SceneDelegate.swift */; };
		0C600EB026A8745400CFEEBA /* Assets.xcassets in Resources */ = {isa = PBXBuildFile; fileRef = 0C600EAF26A8745400CFEEBA /* Assets.xcassets */; };
		0C600EB326A8745400CFEEBA /* LaunchScreen.storyboard in Resources */ = {isa = PBXBuildFile; fileRef = 0C600EB126A8745400CFEEBA /* LaunchScreen.storyboard */; };
		0C600EBC26A8763B00CFEEBA /* Subject.swift in Sources */ = {isa = PBXBuildFile; fileRef = 0C600EBB26A8763B00CFEEBA /* Subject.swift */; };
		0C600EBF26A8770D00CFEEBA /* Constants.swift in Sources */ = {isa = PBXBuildFile; fileRef = 0C600EBE26A8770D00CFEEBA /* Constants.swift */; };
		0C600EC126A879FB00CFEEBA /* Assignment.swift in Sources */ = {isa = PBXBuildFile; fileRef = 0C600EC026A879FB00CFEEBA /* Assignment.swift */; };
		0C600EC526A87EBD00CFEEBA /* Assessment.swift in Sources */ = {isa = PBXBuildFile; fileRef = 0C600EC426A87EBD00CFEEBA /* Assessment.swift */; };
		0C600ECA26A885EC00CFEEBA /* ScheduleViewController.swift in Sources */ = {isa = PBXBuildFile; fileRef = 0C600EC926A885EC00CFEEBA /* ScheduleViewController.swift */; };
		0C600ECC26A8873E00CFEEBA /* Event.swift in Sources */ = {isa = PBXBuildFile; fileRef = 0C600ECB26A8873E00CFEEBA /* Event.swift */; };
		0C600ECE26A8884300CFEEBA /* Class.swift in Sources */ = {isa = PBXBuildFile; fileRef = 0C600ECD26A8884300CFEEBA /* Class.swift */; };
		0C600ED326A88DCA00CFEEBA /* EventTableViewCell.swift in Sources */ = {isa = PBXBuildFile; fileRef = 0C600ED226A88DCA00CFEEBA /* EventTableViewCell.swift */; };
		0C600ED626A895A700CFEEBA /* UITableView+Ext.swift in Sources */ = {isa = PBXBuildFile; fileRef = 0C600ED526A895A700CFEEBA /* UITableView+Ext.swift */; };
		0C600EDB26A8AEFD00CFEEBA /* TitleLabel.swift in Sources */ = {isa = PBXBuildFile; fileRef = 0C600EDA26A8AEFD00CFEEBA /* TitleLabel.swift */; };
		0C600EDF26A8C11600CFEEBA /* TabBarViewController.swift in Sources */ = {isa = PBXBuildFile; fileRef = 0C600EDE26A8C11600CFEEBA /* TabBarViewController.swift */; };
/* End PBXBuildFile section */

/* Begin PBXFileReference section */
		0C10AC5726A9CC2300C63610 /* AssignmentController.swift */ = {isa = PBXFileReference; lastKnownFileType = sourcecode.swift; path = AssignmentController.swift; sourceTree = "<group>"; };
		0C10AC5926A9CC3100C63610 /* ClassController.swift */ = {isa = PBXFileReference; lastKnownFileType = sourcecode.swift; path = ClassController.swift; sourceTree = "<group>"; };
		0C10AC5B26A9CC3C00C63610 /* AssessmentController.swift */ = {isa = PBXFileReference; lastKnownFileType = sourcecode.swift; path = AssessmentController.swift; sourceTree = "<group>"; };
		0C10AC5D26A9DE7200C63610 /* Date+Ext.swift */ = {isa = PBXFileReference; lastKnownFileType = sourcecode.swift; path = "Date+Ext.swift"; sourceTree = "<group>"; };
		0C10AC5F26A9E0AF00C63610 /* EventController.swift */ = {isa = PBXFileReference; lastKnownFileType = sourcecode.swift; path = EventController.swift; sourceTree = "<group>"; };
		0C10AC6126A9EC2E00C63610 /* SecondaryTitleLabel.swift */ = {isa = PBXFileReference; lastKnownFileType = sourcecode.swift; path = SecondaryTitleLabel.swift; sourceTree = "<group>"; };
		0C10AC6326A9ED6A00C63610 /* UIView+Ext.swift */ = {isa = PBXFileReference; lastKnownFileType = sourcecode.swift; path = "UIView+Ext.swift"; sourceTree = "<group>"; };
		0C10AC6526AB1CAE00C63610 /* AssignmentsViewController.swift */ = {isa = PBXFileReference; lastKnownFileType = sourcecode.swift; path = AssignmentsViewController.swift; sourceTree = "<group>"; };
		0C10AC6726AB244700C63610 /* TaskTableViewCell.swift */ = {isa = PBXFileReference; lastKnownFileType = sourcecode.swift; path = TaskTableViewCell.swift; sourceTree = "<group>"; };
		0C10AC6B26AB2A0A00C63610 /* CheckboxButton.swift */ = {isa = PBXFileReference; lastKnownFileType = sourcecode.swift; path = CheckboxButton.swift; sourceTree = "<group>"; };
		0C600EA326A8745000CFEEBA /* StudentCalendar.app */ = {isa = PBXFileReference; explicitFileType = wrapper.application; includeInIndex = 0; path = StudentCalendar.app; sourceTree = BUILT_PRODUCTS_DIR; };
		0C600EA626A8745000CFEEBA /* AppDelegate.swift */ = {isa = PBXFileReference; lastKnownFileType = sourcecode.swift; path = AppDelegate.swift; sourceTree = "<group>"; };
		0C600EA826A8745000CFEEBA /* SceneDelegate.swift */ = {isa = PBXFileReference; lastKnownFileType = sourcecode.swift; path = SceneDelegate.swift; sourceTree = "<group>"; };
		0C600EAF26A8745400CFEEBA /* Assets.xcassets */ = {isa = PBXFileReference; lastKnownFileType = folder.assetcatalog; path = Assets.xcassets; sourceTree = "<group>"; };
		0C600EB226A8745400CFEEBA /* Base */ = {isa = PBXFileReference; lastKnownFileType = file.storyboard; name = Base; path = Base.lproj/LaunchScreen.storyboard; sourceTree = "<group>"; };
		0C600EB426A8745400CFEEBA /* Info.plist */ = {isa = PBXFileReference; lastKnownFileType = text.plist.xml; path = Info.plist; sourceTree = "<group>"; };
		0C600EBB26A8763B00CFEEBA /* Subject.swift */ = {isa = PBXFileReference; lastKnownFileType = sourcecode.swift; path = Subject.swift; sourceTree = "<group>"; };
		0C600EBE26A8770D00CFEEBA /* Constants.swift */ = {isa = PBXFileReference; lastKnownFileType = sourcecode.swift; path = Constants.swift; sourceTree = "<group>"; };
		0C600EC026A879FB00CFEEBA /* Assignment.swift */ = {isa = PBXFileReference; lastKnownFileType = sourcecode.swift; path = Assignment.swift; sourceTree = "<group>"; };
		0C600EC426A87EBD00CFEEBA /* Assessment.swift */ = {isa = PBXFileReference; lastKnownFileType = sourcecode.swift; path = Assessment.swift; sourceTree = "<group>"; };
		0C600EC926A885EC00CFEEBA /* ScheduleViewController.swift */ = {isa = PBXFileReference; lastKnownFileType = sourcecode.swift; path = ScheduleViewController.swift; sourceTree = "<group>"; };
		0C600ECB26A8873E00CFEEBA /* Event.swift */ = {isa = PBXFileReference; lastKnownFileType = sourcecode.swift; path = Event.swift; sourceTree = "<group>"; };
		0C600ECD26A8884300CFEEBA /* Class.swift */ = {isa = PBXFileReference; lastKnownFileType = sourcecode.swift; path = Class.swift; sourceTree = "<group>"; };
		0C600ED226A88DCA00CFEEBA /* EventTableViewCell.swift */ = {isa = PBXFileReference; lastKnownFileType = sourcecode.swift; path = EventTableViewCell.swift; sourceTree = "<group>"; };
		0C600ED526A895A700CFEEBA /* UITableView+Ext.swift */ = {isa = PBXFileReference; lastKnownFileType = sourcecode.swift; path = "UITableView+Ext.swift"; sourceTree = "<group>"; };
		0C600EDA26A8AEFD00CFEEBA /* TitleLabel.swift */ = {isa = PBXFileReference; lastKnownFileType = sourcecode.swift; path = TitleLabel.swift; sourceTree = "<group>"; };
		0C600EDE26A8C11600CFEEBA /* TabBarViewController.swift */ = {isa = PBXFileReference; lastKnownFileType = sourcecode.swift; path = TabBarViewController.swift; sourceTree = "<group>"; };
/* End PBXFileReference section */

/* Begin PBXFrameworksBuildPhase section */
		0C600EA026A8745000CFEEBA /* Frameworks */ = {
			isa = PBXFrameworksBuildPhase;
			buildActionMask = 2147483647;
			files = (
			);
			runOnlyForDeploymentPostprocessing = 0;
		};
/* End PBXFrameworksBuildPhase section */

/* Begin PBXGroup section */
		0C10AC5626A9CBE200C63610 /* Controllers */ = {
			isa = PBXGroup;
			children = (
				0C10AC5726A9CC2300C63610 /* AssignmentController.swift */,
				0C10AC5926A9CC3100C63610 /* ClassController.swift */,
				0C10AC5B26A9CC3C00C63610 /* AssessmentController.swift */,
				0C10AC5F26A9E0AF00C63610 /* EventController.swift */,
			);
			path = Controllers;
			sourceTree = "<group>";
		};
		0C10AC6926AB29CE00C63610 /* Images */ = {
			isa = PBXGroup;
			children = (
			);
			path = Images;
			sourceTree = "<group>";
		};
		0C10AC6A26AB29DE00C63610 /* Buttons */ = {
			isa = PBXGroup;
			children = (
				0C10AC6B26AB2A0A00C63610 /* CheckboxButton.swift */,
			);
			path = Buttons;
			sourceTree = "<group>";
		};
		0C600E9A26A8745000CFEEBA = {
			isa = PBXGroup;
			children = (
				0C600EA526A8745000CFEEBA /* StudentCalendar */,
				0C600EA426A8745000CFEEBA /* Products */,
			);
			sourceTree = "<group>";
		};
		0C600EA426A8745000CFEEBA /* Products */ = {
			isa = PBXGroup;
			children = (
				0C600EA326A8745000CFEEBA /* StudentCalendar.app */,
			);
			name = Products;
			sourceTree = "<group>";
		};
		0C600EA526A8745000CFEEBA /* StudentCalendar */ = {
			isa = PBXGroup;
			children = (
				0C10AC5626A9CBE200C63610 /* Controllers */,
				0C600ED426A8959000CFEEBA /* Extensions */,
				0C600ED026A88D7A00CFEEBA /* Views */,
				0C600ECF26A88D6100CFEEBA /* ViewControllers */,
				0C600EBA26A8761300CFEEBA /* Models */,
				0C600EA626A8745000CFEEBA /* AppDelegate.swift */,
				0C600EA826A8745000CFEEBA /* SceneDelegate.swift */,
				0C600EAF26A8745400CFEEBA /* Assets.xcassets */,
				0C600EB126A8745400CFEEBA /* LaunchScreen.storyboard */,
				0C600EB426A8745400CFEEBA /* Info.plist */,
				0C600EBE26A8770D00CFEEBA /* Constants.swift */,
			);
			path = StudentCalendar;
			sourceTree = "<group>";
		};
		0C600EBA26A8761300CFEEBA /* Models */ = {
			isa = PBXGroup;
			children = (
				0C600EBB26A8763B00CFEEBA /* Subject.swift */,
				0C600EC026A879FB00CFEEBA /* Assignment.swift */,
				0C600ECD26A8884300CFEEBA /* Class.swift */,
				0C600EC426A87EBD00CFEEBA /* Assessment.swift */,
				0C600ECB26A8873E00CFEEBA /* Event.swift */,
			);
			path = Models;
			sourceTree = "<group>";
		};
		0C600ECF26A88D6100CFEEBA /* ViewControllers */ = {
			isa = PBXGroup;
			children = (
				0C600EC926A885EC00CFEEBA /* ScheduleViewController.swift */,
				0C600EDE26A8C11600CFEEBA /* TabBarViewController.swift */,
				0C10AC6526AB1CAE00C63610 /* AssignmentsViewController.swift */,
			);
			path = ViewControllers;
			sourceTree = "<group>";
		};
		0C600ED026A88D7A00CFEEBA /* Views */ = {
			isa = PBXGroup;
			children = (
				0C10AC6A26AB29DE00C63610 /* Buttons */,
				0C10AC6926AB29CE00C63610 /* Images */,
				0C600ED926A8AEDE00CFEEBA /* Labels */,
				0C600ED126A88D8800CFEEBA /* Cells */,
			);
			path = Views;
			sourceTree = "<group>";
		};
		0C600ED126A88D8800CFEEBA /* Cells */ = {
			isa = PBXGroup;
			children = (
				0C600ED226A88DCA00CFEEBA /* EventTableViewCell.swift */,
				0C10AC6726AB244700C63610 /* TaskTableViewCell.swift */,
			);
			path = Cells;
			sourceTree = "<group>";
		};
		0C600ED426A8959000CFEEBA /* Extensions */ = {
			isa = PBXGroup;
			children = (
				0C600ED526A895A700CFEEBA /* UITableView+Ext.swift */,
				0C10AC5D26A9DE7200C63610 /* Date+Ext.swift */,
				0C10AC6326A9ED6A00C63610 /* UIView+Ext.swift */,
			);
			path = Extensions;
			sourceTree = "<group>";
		};
		0C600ED926A8AEDE00CFEEBA /* Labels */ = {
			isa = PBXGroup;
			children = (
				0C600EDA26A8AEFD00CFEEBA /* TitleLabel.swift */,
				0C10AC6126A9EC2E00C63610 /* SecondaryTitleLabel.swift */,
			);
			path = Labels;
			sourceTree = "<group>";
		};
/* End PBXGroup section */

/* Begin PBXNativeTarget section */
		0C600EA226A8745000CFEEBA /* StudentCalendar */ = {
			isa = PBXNativeTarget;
			buildConfigurationList = 0C600EB726A8745400CFEEBA /* Build configuration list for PBXNativeTarget "StudentCalendar" */;
			buildPhases = (
				0C600E9F26A8745000CFEEBA /* Sources */,
				0C600EA026A8745000CFEEBA /* Frameworks */,
				0C600EA126A8745000CFEEBA /* Resources */,
			);
			buildRules = (
			);
			dependencies = (
			);
			name = StudentCalendar;
			productName = StudentCalendar;
			productReference = 0C600EA326A8745000CFEEBA /* StudentCalendar.app */;
			productType = "com.apple.product-type.application";
		};
/* End PBXNativeTarget section */

/* Begin PBXProject section */
		0C600E9B26A8745000CFEEBA /* Project object */ = {
			isa = PBXProject;
			attributes = {
				LastSwiftUpdateCheck = 1130;
				LastUpgradeCheck = 1130;
				ORGANIZATIONNAME = ahavamorse;
				TargetAttributes = {
					0C600EA226A8745000CFEEBA = {
						CreatedOnToolsVersion = 11.3.1;
					};
				};
			};
			buildConfigurationList = 0C600E9E26A8745000CFEEBA /* Build configuration list for PBXProject "StudentCalendar" */;
			compatibilityVersion = "Xcode 9.3";
			developmentRegion = en;
			hasScannedForEncodings = 0;
			knownRegions = (
				en,
				Base,
			);
			mainGroup = 0C600E9A26A8745000CFEEBA;
			productRefGroup = 0C600EA426A8745000CFEEBA /* Products */;
			projectDirPath = "";
			projectRoot = "";
			targets = (
				0C600EA226A8745000CFEEBA /* StudentCalendar */,
			);
		};
/* End PBXProject section */

/* Begin PBXResourcesBuildPhase section */
		0C600EA126A8745000CFEEBA /* Resources */ = {
			isa = PBXResourcesBuildPhase;
			buildActionMask = 2147483647;
			files = (
				0C600EB326A8745400CFEEBA /* LaunchScreen.storyboard in Resources */,
				0C600EB026A8745400CFEEBA /* Assets.xcassets in Resources */,
			);
			runOnlyForDeploymentPostprocessing = 0;
		};
/* End PBXResourcesBuildPhase section */

/* Begin PBXSourcesBuildPhase section */
		0C600E9F26A8745000CFEEBA /* Sources */ = {
			isa = PBXSourcesBuildPhase;
			buildActionMask = 2147483647;
			files = (
				0C600ED626A895A700CFEEBA /* UITableView+Ext.swift in Sources */,
				0C10AC6226A9EC2E00C63610 /* SecondaryTitleLabel.swift in Sources */,
				0C10AC6826AB244700C63610 /* TaskTableViewCell.swift in Sources */,
				0C10AC5A26A9CC3100C63610 /* ClassController.swift in Sources */,
				0C10AC6026A9E0AF00C63610 /* EventController.swift in Sources */,
				0C10AC5E26A9DE7200C63610 /* Date+Ext.swift in Sources */,
				0C600EC126A879FB00CFEEBA /* Assignment.swift in Sources */,
				0C10AC5826A9CC2300C63610 /* AssignmentController.swift in Sources */,
				0C600EBF26A8770D00CFEEBA /* Constants.swift in Sources */,
				0C600EBC26A8763B00CFEEBA /* Subject.swift in Sources */,
				0C600EDF26A8C11600CFEEBA /* TabBarViewController.swift in Sources */,
				0C600ECA26A885EC00CFEEBA /* ScheduleViewController.swift in Sources */,
				0C600ECC26A8873E00CFEEBA /* Event.swift in Sources */,
				0C10AC6426A9ED6A00C63610 /* UIView+Ext.swift in Sources */,
				0C600EA726A8745000CFEEBA /* AppDelegate.swift in Sources */,
				0C600EA926A8745000CFEEBA /* SceneDelegate.swift in Sources */,
				0C10AC6626AB1CAE00C63610 /* AssignmentsViewController.swift in Sources */,
				0C600ECE26A8884300CFEEBA /* Class.swift in Sources */,
				0C600EDB26A8AEFD00CFEEBA /* TitleLabel.swift in Sources */,
				0C600ED326A88DCA00CFEEBA /* EventTableViewCell.swift in Sources */,
				0C600EC526A87EBD00CFEEBA /* Assessment.swift in Sources */,
				0C10AC5C26A9CC3C00C63610 /* AssessmentController.swift in Sources */,
				0C10AC6C26AB2A0A00C63610 /* CheckboxButton.swift in Sources */,
			);
			runOnlyForDeploymentPostprocessing = 0;
		};
/* End PBXSourcesBuildPhase section */

/* Begin PBXVariantGroup section */
		0C600EB126A8745400CFEEBA /* LaunchScreen.storyboard */ = {
			isa = PBXVariantGroup;
			children = (
				0C600EB226A8745400CFEEBA /* Base */,
			);
			name = LaunchScreen.storyboard;
			sourceTree = "<group>";
		};
/* End PBXVariantGroup section */

/* Begin XCBuildConfiguration section */
		0C600EB526A8745400CFEEBA /* Debug */ = {
			isa = XCBuildConfiguration;
			buildSettings = {
				ALWAYS_SEARCH_USER_PATHS = NO;
				CLANG_ANALYZER_NONNULL = YES;
				CLANG_ANALYZER_NUMBER_OBJECT_CONVERSION = YES_AGGRESSIVE;
				CLANG_CXX_LANGUAGE_STANDARD = "gnu++14";
				CLANG_CXX_LIBRARY = "libc++";
				CLANG_ENABLE_MODULES = YES;
				CLANG_ENABLE_OBJC_ARC = YES;
				CLANG_ENABLE_OBJC_WEAK = YES;
				CLANG_WARN_BLOCK_CAPTURE_AUTORELEASING = YES;
				CLANG_WARN_BOOL_CONVERSION = YES;
				CLANG_WARN_COMMA = YES;
				CLANG_WARN_CONSTANT_CONVERSION = YES;
				CLANG_WARN_DEPRECATED_OBJC_IMPLEMENTATIONS = YES;
				CLANG_WARN_DIRECT_OBJC_ISA_USAGE = YES_ERROR;
				CLANG_WARN_DOCUMENTATION_COMMENTS = YES;
				CLANG_WARN_EMPTY_BODY = YES;
				CLANG_WARN_ENUM_CONVERSION = YES;
				CLANG_WARN_INFINITE_RECURSION = YES;
				CLANG_WARN_INT_CONVERSION = YES;
				CLANG_WARN_NON_LITERAL_NULL_CONVERSION = YES;
				CLANG_WARN_OBJC_IMPLICIT_RETAIN_SELF = YES;
				CLANG_WARN_OBJC_LITERAL_CONVERSION = YES;
				CLANG_WARN_OBJC_ROOT_CLASS = YES_ERROR;
				CLANG_WARN_RANGE_LOOP_ANALYSIS = YES;
				CLANG_WARN_STRICT_PROTOTYPES = YES;
				CLANG_WARN_SUSPICIOUS_MOVE = YES;
				CLANG_WARN_UNGUARDED_AVAILABILITY = YES_AGGRESSIVE;
				CLANG_WARN_UNREACHABLE_CODE = YES;
				CLANG_WARN__DUPLICATE_METHOD_MATCH = YES;
				COPY_PHASE_STRIP = NO;
				DEBUG_INFORMATION_FORMAT = dwarf;
				ENABLE_STRICT_OBJC_MSGSEND = YES;
				ENABLE_TESTABILITY = YES;
				GCC_C_LANGUAGE_STANDARD = gnu11;
				GCC_DYNAMIC_NO_PIC = NO;
				GCC_NO_COMMON_BLOCKS = YES;
				GCC_OPTIMIZATION_LEVEL = 0;
				GCC_PREPROCESSOR_DEFINITIONS = (
					"DEBUG=1",
					"$(inherited)",
				);
				GCC_WARN_64_TO_32_BIT_CONVERSION = YES;
				GCC_WARN_ABOUT_RETURN_TYPE = YES_ERROR;
				GCC_WARN_UNDECLARED_SELECTOR = YES;
				GCC_WARN_UNINITIALIZED_AUTOS = YES_AGGRESSIVE;
				GCC_WARN_UNUSED_FUNCTION = YES;
				GCC_WARN_UNUSED_VARIABLE = YES;
				IPHONEOS_DEPLOYMENT_TARGET = 13.2;
				MTL_ENABLE_DEBUG_INFO = INCLUDE_SOURCE;
				MTL_FAST_MATH = YES;
				ONLY_ACTIVE_ARCH = YES;
				SDKROOT = iphoneos;
				SWIFT_ACTIVE_COMPILATION_CONDITIONS = DEBUG;
				SWIFT_OPTIMIZATION_LEVEL = "-Onone";
			};
			name = Debug;
		};
		0C600EB626A8745400CFEEBA /* Release */ = {
			isa = XCBuildConfiguration;
			buildSettings = {
				ALWAYS_SEARCH_USER_PATHS = NO;
				CLANG_ANALYZER_NONNULL = YES;
				CLANG_ANALYZER_NUMBER_OBJECT_CONVERSION = YES_AGGRESSIVE;
				CLANG_CXX_LANGUAGE_STANDARD = "gnu++14";
				CLANG_CXX_LIBRARY = "libc++";
				CLANG_ENABLE_MODULES = YES;
				CLANG_ENABLE_OBJC_ARC = YES;
				CLANG_ENABLE_OBJC_WEAK = YES;
				CLANG_WARN_BLOCK_CAPTURE_AUTORELEASING = YES;
				CLANG_WARN_BOOL_CONVERSION = YES;
				CLANG_WARN_COMMA = YES;
				CLANG_WARN_CONSTANT_CONVERSION = YES;
				CLANG_WARN_DEPRECATED_OBJC_IMPLEMENTATIONS = YES;
				CLANG_WARN_DIRECT_OBJC_ISA_USAGE = YES_ERROR;
				CLANG_WARN_DOCUMENTATION_COMMENTS = YES;
				CLANG_WARN_EMPTY_BODY = YES;
				CLANG_WARN_ENUM_CONVERSION = YES;
				CLANG_WARN_INFINITE_RECURSION = YES;
				CLANG_WARN_INT_CONVERSION = YES;
				CLANG_WARN_NON_LITERAL_NULL_CONVERSION = YES;
				CLANG_WARN_OBJC_IMPLICIT_RETAIN_SELF = YES;
				CLANG_WARN_OBJC_LITERAL_CONVERSION = YES;
				CLANG_WARN_OBJC_ROOT_CLASS = YES_ERROR;
				CLANG_WARN_RANGE_LOOP_ANALYSIS = YES;
				CLANG_WARN_STRICT_PROTOTYPES = YES;
				CLANG_WARN_SUSPICIOUS_MOVE = YES;
				CLANG_WARN_UNGUARDED_AVAILABILITY = YES_AGGRESSIVE;
				CLANG_WARN_UNREACHABLE_CODE = YES;
				CLANG_WARN__DUPLICATE_METHOD_MATCH = YES;
				COPY_PHASE_STRIP = NO;
				DEBUG_INFORMATION_FORMAT = "dwarf-with-dsym";
				ENABLE_NS_ASSERTIONS = NO;
				ENABLE_STRICT_OBJC_MSGSEND = YES;
				GCC_C_LANGUAGE_STANDARD = gnu11;
				GCC_NO_COMMON_BLOCKS = YES;
				GCC_WARN_64_TO_32_BIT_CONVERSION = YES;
				GCC_WARN_ABOUT_RETURN_TYPE = YES_ERROR;
				GCC_WARN_UNDECLARED_SELECTOR = YES;
				GCC_WARN_UNINITIALIZED_AUTOS = YES_AGGRESSIVE;
				GCC_WARN_UNUSED_FUNCTION = YES;
				GCC_WARN_UNUSED_VARIABLE = YES;
				IPHONEOS_DEPLOYMENT_TARGET = 13.2;
				MTL_ENABLE_DEBUG_INFO = NO;
				MTL_FAST_MATH = YES;
				SDKROOT = iphoneos;
				SWIFT_COMPILATION_MODE = wholemodule;
				SWIFT_OPTIMIZATION_LEVEL = "-O";
				VALIDATE_PRODUCT = YES;
			};
			name = Release;
		};
		0C600EB826A8745400CFEEBA /* Debug */ = {
			isa = XCBuildConfiguration;
			buildSettings = {
				ASSETCATALOG_COMPILER_APPICON_NAME = AppIcon;
				CODE_SIGN_STYLE = Automatic;
				DEVELOPMENT_TEAM = 5DB846Q2S9;
				INFOPLIST_FILE = StudentCalendar/Info.plist;
				LD_RUNPATH_SEARCH_PATHS = (
					"$(inherited)",
					"@executable_path/Frameworks",
				);
				PRODUCT_BUNDLE_IDENTIFIER = com.ahavamorse.StudentCalendar;
				PRODUCT_NAME = "$(TARGET_NAME)";
				SWIFT_VERSION = 5.0;
				TARGETED_DEVICE_FAMILY = "1,2";
			};
			name = Debug;
		};
		0C600EB926A8745400CFEEBA /* Release */ = {
			isa = XCBuildConfiguration;
			buildSettings = {
				ASSETCATALOG_COMPILER_APPICON_NAME = AppIcon;
				CODE_SIGN_STYLE = Automatic;
				DEVELOPMENT_TEAM = 5DB846Q2S9;
				INFOPLIST_FILE = StudentCalendar/Info.plist;
				LD_RUNPATH_SEARCH_PATHS = (
					"$(inherited)",
					"@executable_path/Frameworks",
				);
				PRODUCT_BUNDLE_IDENTIFIER = com.ahavamorse.StudentCalendar;
				PRODUCT_NAME = "$(TARGET_NAME)";
				SWIFT_VERSION = 5.0;
				TARGETED_DEVICE_FAMILY = "1,2";
			};
			name = Release;
		};
/* End XCBuildConfiguration section */

/* Begin XCConfigurationList section */
		0C600E9E26A8745000CFEEBA /* Build configuration list for PBXProject "StudentCalendar" */ = {
			isa = XCConfigurationList;
			buildConfigurations = (
				0C600EB526A8745400CFEEBA /* Debug */,
				0C600EB626A8745400CFEEBA /* Release */,
			);
			defaultConfigurationIsVisible = 0;
			defaultConfigurationName = Release;
		};
		0C600EB726A8745400CFEEBA /* Build configuration list for PBXNativeTarget "StudentCalendar" */ = {
			isa = XCConfigurationList;
			buildConfigurations = (
				0C600EB826A8745400CFEEBA /* Debug */,
				0C600EB926A8745400CFEEBA /* Release */,
			);
			defaultConfigurationIsVisible = 0;
			defaultConfigurationName = Release;
		};
/* End XCConfigurationList section */
	};
	rootObject = 0C600E9B26A8745000CFEEBA /* Project object */;
}
